
Microsoft Visual Studio Solution File, Format Version 12.00
# Visual Studio 2013
VisualStudioVersion = 12.0.21005.1
MinimumVisualStudioVersion = 10.0.40219.1
Project("{B1E792BE-AA5F-4E3C-8C82-674BF9C0715B}") = "ShutterMotion", "ShutterMotion\ShutterMotion.tsproj", "{02C0499F-514F-4877-BFF2-0E76EA357A75}"
EndProject
Global
	GlobalSection(SolutionConfigurationPlatforms) = preSolution
		Debug|TwinCAT CE7 (ARMV7) = Debug|TwinCAT CE7 (ARMV7)
		Debug|TwinCAT RT (x64) = Debug|TwinCAT RT (x64)
		Debug|TwinCAT RT (x86) = Debug|TwinCAT RT (x86)
		Release|TwinCAT CE7 (ARMV7) = Release|TwinCAT CE7 (ARMV7)
		Release|TwinCAT RT (x64) = Release|TwinCAT RT (x64)
		Release|TwinCAT RT (x86) = Release|TwinCAT RT (x86)
	EndGlobalSection
	GlobalSection(ProjectConfigurationPlatforms) = postSolution
		{02C0499F-514F-4877-BFF2-0E76EA357A75}.Debug|TwinCAT CE7 (ARMV7).ActiveCfg = Debug|TwinCAT CE7 (ARMV7)
		{02C0499F-514F-4877-BFF2-0E76EA357A75}.Debug|TwinCAT CE7 (ARMV7).Build.0 = Debug|TwinCAT CE7 (ARMV7)
		{02C0499F-514F-4877-BFF2-0E76EA357A75}.Debug|TwinCAT RT (x64).ActiveCfg = Debug|TwinCAT RT (x64)
		{02C0499F-514F-4877-BFF2-0E76EA357A75}.Debug|TwinCAT RT (x64).Build.0 = Debug|TwinCAT RT (x64)
		{02C0499F-514F-4877-BFF2-0E76EA357A75}.Debug|TwinCAT RT (x86).ActiveCfg = Debug|TwinCAT RT (x86)
		{02C0499F-514F-4877-BFF2-0E76EA357A75}.Debug|TwinCAT RT (x86).Build.0 = Debug|TwinCAT RT (x86)
		{02C0499F-514F-4877-BFF2-0E76EA357A75}.Release|TwinCAT CE7 (ARMV7).ActiveCfg = Release|TwinCAT CE7 (ARMV7)
		{02C0499F-514F-4877-BFF2-0E76EA357A75}.Release|TwinCAT CE7 (ARMV7).Build.0 = Release|TwinCAT CE7 (ARMV7)
		{02C0499F-514F-4877-BFF2-0E76EA357A75}.Release|TwinCAT RT (x64).ActiveCfg = Release|TwinCAT RT (x64)
		{02C0499F-514F-4877-BFF2-0E76EA357A75}.Release|TwinCAT RT (x64).Build.0 = Release|TwinCAT RT (x64)
		{02C0499F-514F-4877-BFF2-0E76EA357A75}.Release|TwinCAT RT (x86).ActiveCfg = Release|TwinCAT RT (x86)
		{02C0499F-514F-4877-BFF2-0E76EA357A75}.Release|TwinCAT RT (x86).Build.0 = Release|TwinCAT RT (x86)
		{20651501-9D50-4E0C-AF06-8B577D14FDDA}.Debug|TwinCAT CE7 (ARMV7).ActiveCfg = Debug|TwinCAT CE7 (ARMV7)
		{20651501-9D50-4E0C-AF06-8B577D14FDDA}.Debug|TwinCAT CE7 (ARMV7).Build.0 = Debug|TwinCAT CE7 (ARMV7)
		{20651501-9D50-4E0C-AF06-8B577D14FDDA}.Debug|TwinCAT RT (x64).ActiveCfg = Debug|TwinCAT RT (x64)
		{20651501-9D50-4E0C-AF06-8B577D14FDDA}.Debug|TwinCAT RT (x64).Build.0 = Debug|TwinCAT RT (x64)
		{20651501-9D50-4E0C-AF06-8B577D14FDDA}.Debug|TwinCAT RT (x86).ActiveCfg = Debug|TwinCAT RT (x86)
		{20651501-9D50-4E0C-AF06-8B577D14FDDA}.Debug|TwinCAT RT (x86).Build.0 = Debug|TwinCAT RT (x86)
		{20651501-9D50-4E0C-AF06-8B577D14FDDA}.Release|TwinCAT CE7 (ARMV7).ActiveCfg = Release|TwinCAT CE7 (ARMV7)
		{20651501-9D50-4E0C-AF06-8B577D14FDDA}.Release|TwinCAT CE7 (ARMV7).Build.0 = Release|TwinCAT CE7 (ARMV7)
		{20651501-9D50-4E0C-AF06-8B577D14FDDA}.Release|TwinCAT RT (x64).ActiveCfg = Release|TwinCAT RT (x64)
		{20651501-9D50-4E0C-AF06-8B577D14FDDA}.Release|TwinCAT RT (x64).Build.0 = Release|TwinCAT RT (x64)
		{20651501-9D50-4E0C-AF06-8B577D14FDDA}.Release|TwinCAT RT (x86).ActiveCfg = Release|TwinCAT RT (x86)
		{20651501-9D50-4E0C-AF06-8B577D14FDDA}.Release|TwinCAT RT (x86).Build.0 = Release|TwinCAT RT (x86)
	EndGlobalSection
	GlobalSection(SolutionProperties) = preSolution
		HideSolutionNode = FALSE
	EndGlobalSection
EndGlobal
